
Microsoft Visual Studio Solution File, Format Version 12.00
# Visual Studio Version 17
VisualStudioVersion = 17.3.32929.385
MinimumVisualStudioVersion = 10.0.40219.1
Project("{FAE04EC0-301F-11D3-BF4B-00C04F79EFBC}") = "sqlapp", "sqlapp\sqlapp.csproj", "{A81BD728-082E-4DC8-9B61-6E2C5ACA31B0}"
EndProject
Global
	GlobalSection(SolutionConfigurationPlatforms) = preSolution
		Debug|Any CPU = Debug|Any CPU
		Release|Any CPU = Release|Any CPU
	EndGlobalSection
	GlobalSection(ProjectConfigurationPlatforms) = postSolution
		{A81BD728-082E-4DC8-9B61-6E2C5ACA31B0}.Debug|Any CPU.ActiveCfg = Debug|Any CPU
		{A81BD728-082E-4DC8-9B61-6E2C5ACA31B0}.Debug|Any CPU.Build.0 = Debug|Any CPU
		{A81BD728-082E-4DC8-9B61-6E2C5ACA31B0}.Release|Any CPU.ActiveCfg = Release|Any CPU
		{A81BD728-082E-4DC8-9B61-6E2C5ACA31B0}.Release|Any CPU.Build.0 = Release|Any CPU
	EndGlobalSection
	GlobalSection(SolutionProperties) = preSolution
		HideSolutionNode = FALSE
	EndGlobalSection
	GlobalSection(ExtensibilityGlobals) = postSolution
		SolutionGuid = {C9EBFBAC-0E88-4F93-9746-87205F87DA1E}
	EndGlobalSection
EndGlobal
